
Microsoft Visual Studio Solution File, Format Version 12.00
# Visual Studio 14
VisualStudioVersion = 14.0.22609.0
MinimumVisualStudioVersion = 10.0.40219.1
Project("{FAE04EC0-301F-11D3-BF4B-00C04F79EFBC}") = "Labs.Garbage.Contracts", "Labs.Garbage.Contracts\Labs.Garbage.Contracts.csproj", "{D4B70F05-C006-445D-98AD-5D5B05BB7179}"
EndProject
Global
	GlobalSection(SolutionConfigurationPlatforms) = preSolution
		Debug|Any CPU = Debug|Any CPU
		Release|Any CPU = Release|Any CPU
	EndGlobalSection
	GlobalSection(ProjectConfigurationPlatforms) = postSolution
		{D4B70F05-C006-445D-98AD-5D5B05BB7179}.Debug|Any CPU.ActiveCfg = Debug|Any CPU
		{D4B70F05-C006-445D-98AD-5D5B05BB7179}.Debug|Any CPU.Build.0 = Debug|Any CPU
		{D4B70F05-C006-445D-98AD-5D5B05BB7179}.Release|Any CPU.ActiveCfg = Release|Any CPU
		{D4B70F05-C006-445D-98AD-5D5B05BB7179}.Release|Any CPU.Build.0 = Release|Any CPU
	EndGlobalSection
	GlobalSection(SolutionProperties) = preSolution
		HideSolutionNode = FALSE
	EndGlobalSection
EndGlobal
